
Microsoft Visual Studio Solution File, Format Version 12.00
# Visual Studio Version 16
VisualStudioVersion = 16.0.30621.155
MinimumVisualStudioVersion = 10.0.40219.1
Project("{FAE04EC0-301F-11D3-BF4B-00C04F79EFBC}") = "Check box kontrola", "Check box kontrola\Check box kontrola.csproj", "{FCD67AA3-5442-41A5-BC32-ECF7B16E46EE}"
EndProject
Global
	GlobalSection(SolutionConfigurationPlatforms) = preSolution
		Debug|Any CPU = Debug|Any CPU
		Release|Any CPU = Release|Any CPU
	EndGlobalSection
	GlobalSection(ProjectConfigurationPlatforms) = postSolution
		{FCD67AA3-5442-41A5-BC32-ECF7B16E46EE}.Debug|Any CPU.ActiveCfg = Debug|Any CPU
		{FCD67AA3-5442-41A5-BC32-ECF7B16E46EE}.Debug|Any CPU.Build.0 = Debug|Any CPU
		{FCD67AA3-5442-41A5-BC32-ECF7B16E46EE}.Release|Any CPU.ActiveCfg = Release|Any CPU
		{FCD67AA3-5442-41A5-BC32-ECF7B16E46EE}.Release|Any CPU.Build.0 = Release|Any CPU
	EndGlobalSection
	GlobalSection(SolutionProperties) = preSolution
		HideSolutionNode = FALSE
	EndGlobalSection
	GlobalSection(ExtensibilityGlobals) = postSolution
		SolutionGuid = {34BE53C4-A049-4442-983A-C57830D0833D}
	EndGlobalSection
EndGlobal
